
Microsoft Visual Studio Solution File, Format Version 12.00
# Visual Studio 2013
Project("{FAE04EC0-301F-11D3-BF4B-00C04F79EFBC}") = "csharpDemo.CSharp", "csharpDemo.CSharp.csproj", "{F7D39013-A178-23D4-533A-0BAA6BF25D7D}"
EndProject
Project("{FAE04EC0-301F-11D3-BF4B-00C04F79EFBC}") = "csharpDemo.CSharp.Editor", "csharpDemo.CSharp.Editor.csproj", "{3DDE522E-A05C-AC7E-C41E-F5EC335C57AB}"
EndProject
Global
	GlobalSection(SolutionConfigurationPlatforms) = preSolution
		Debug|Any CPU = Debug|Any CPU
		Release|Any CPU = Release|Any CPU
	EndGlobalSection
	GlobalSection(ProjectConfigurationPlatforms) = postSolution
		{F7D39013-A178-23D4-533A-0BAA6BF25D7D}.Debug|Any CPU.ActiveCfg = Debug|Any CPU
		{F7D39013-A178-23D4-533A-0BAA6BF25D7D}.Debug|Any CPU.Build.0 = Debug|Any CPU
		{F7D39013-A178-23D4-533A-0BAA6BF25D7D}.Release|Any CPU.ActiveCfg = Release|Any CPU
		{F7D39013-A178-23D4-533A-0BAA6BF25D7D}.Release|Any CPU.Build.0 = Release|Any CPU
		{3DDE522E-A05C-AC7E-C41E-F5EC335C57AB}.Debug|Any CPU.ActiveCfg = Debug|Any CPU
		{3DDE522E-A05C-AC7E-C41E-F5EC335C57AB}.Debug|Any CPU.Build.0 = Debug|Any CPU
		{3DDE522E-A05C-AC7E-C41E-F5EC335C57AB}.Release|Any CPU.ActiveCfg = Release|Any CPU
		{3DDE522E-A05C-AC7E-C41E-F5EC335C57AB}.Release|Any CPU.Build.0 = Release|Any CPU
	EndGlobalSection
	GlobalSection(SolutionProperties) = preSolution
		HideSolutionNode = FALSE
	EndGlobalSection
EndGlobal
